<Solution>
  <Folder Name="/.github/" />
  <Folder Name="/.github/workflows/">
    <File Path="ci.yaml" />
  </Folder>
  <Folder Name="/Solution Items/">
    <File Path=".gitignore" />
    <File Path="testenvironments.json" />
  </Folder>
  <Project Path="OrderManagementSystem.IntegrationTests/OrderManagementSystem.IntegrationTests.csproj" />
  <Project Path="OrderManagementSystem/OrderManagementSystem.csproj" />
</Solution>
